# This file is automatically @generated by Cargo.
# It is not intended for manual editing.
version = 4

[[package]]
name = "bin-rs"
version = "0.0.10"
source = "registry+https://github.com/rust-lang/crates.io-index"
checksum = "23f756521115a60a84bc45722261eaf03aa6a59d886c9c3b41d08ac1c39e3e24"

[[package]]
name = "webp-rust"
version = "0.3.1"
source = "registry+https://github.com/rust-lang/crates.io-index"
checksum = "c9c8776fe97ff9083d2c7ebb62dd98f643124c2ce94cb50a7bbf1dfea5deb5a0"
dependencies = [
 "bin-rs",
]

[[package]]
name = "webp_engine"
version = "0.1.0"
dependencies = [
 "webp-rust",
]
